
Microsoft Visual Studio Solution File, Format Version 12.00
# Visual Studio Version 16
VisualStudioVersion = 16.0.30907.101
MinimumVisualStudioVersion = 10.0.40219.1
Project("{FAE04EC0-301F-11D3-BF4B-00C04F79EFBC}") = "Magic PC App", "Magic PC App\Magic PC App.csproj", "{94CD1439-89A2-465B-A034-F83BDC7F0A1B}"
EndProject
Global
	GlobalSection(SolutionConfigurationPlatforms) = preSolution
		Debug|Any CPU = Debug|Any CPU
		Release|Any CPU = Release|Any CPU
	EndGlobalSection
	GlobalSection(ProjectConfigurationPlatforms) = postSolution
		{94CD1439-89A2-465B-A034-F83BDC7F0A1B}.Debug|Any CPU.ActiveCfg = Debug|Any CPU
		{94CD1439-89A2-465B-A034-F83BDC7F0A1B}.Debug|Any CPU.Build.0 = Debug|Any CPU
		{94CD1439-89A2-465B-A034-F83BDC7F0A1B}.Release|Any CPU.ActiveCfg = Release|Any CPU
		{94CD1439-89A2-465B-A034-F83BDC7F0A1B}.Release|Any CPU.Build.0 = Release|Any CPU
	EndGlobalSection
	GlobalSection(SolutionProperties) = preSolution
		HideSolutionNode = FALSE
	EndGlobalSection
	GlobalSection(ExtensibilityGlobals) = postSolution
		SolutionGuid = {A26DB75B-8115-4117-AD0A-DD0DC7DE7FD2}
	EndGlobalSection
EndGlobal
